// !$*UTF8*$!
{
	archiveVersion = 1;
	classes = {
	};
	objectVersion = 46;
	objects = {

/* Begin PBXBuildFile section */
		17D5795E153620E300C7DDDE /* UIKit.framework in Frameworks */ = {isa = PBXBuildFile; fileRef = 17D5795D153620E300C7DDDE /* UIKit.framework */; };
		17D57960153620E300C7DDDE /* Foundation.framework in Frameworks */ = {isa = PBXBuildFile; fileRef = 17D5795F153620E300C7DDDE /* Foundation.framework */; };
		17D57962153620E300C7DDDE /* CoreGraphics.framework in Frameworks */ = {isa = PBXBuildFile; fileRef = 17D57961153620E300C7DDDE /* CoreGraphics.framework */; };
		17D57968153620E300C7DDDE /* InfoPlist.strings in Resources */ = {isa = PBXBuildFile; fileRef = 17D57966153620E300C7DDDE /* InfoPlist.strings */; };
		17D5796A153620E300C7DDDE /* main.m in Sources */ = {isa = PBXBuildFile; fileRef = 17D57969153620E300C7DDDE /* main.m */; };
		17D579891536214900C7DDDE /* MainStoryboard_iPhone.storyboard in Resources */ = {isa = PBXBuildFile; fileRef = 17D579881536214900C7DDDE /* MainStoryboard_iPhone.storyboard */; };
		17D5798E153621D000C7DDDE /* Default.png in Resources */ = {isa = PBXBuildFile; fileRef = 17D5798C153621D000C7DDDE /* Default.png */; };
		17D5798F153621D000C7DDDE /* Default@2x.png in Resources */ = {isa = PBXBuildFile; fileRef = 17D5798D153621D000C7DDDE /* Default@2x.png */; };
		17D57992153621F600C7DDDE /* AppDelegate.m in Sources */ = {isa = PBXBuildFile; fileRef = 17D57991153621F600C7DDDE /* AppDelegate.m */; };
		17D579931536233F00C7DDDE /* NewPostViewController.m in Sources */ = {isa = PBXBuildFile; fileRef = 17D5797F1536211A00C7DDDE /* NewPostViewController.m */; };
		17D579941536233F00C7DDDE /* RecentPostsTableViewController.m in Sources */ = {isa = PBXBuildFile; fileRef = 17D579811536211A00C7DDDE /* RecentPostsTableViewController.m */; };
		17D579951536233F00C7DDDE /* RegistrationViewController.m in Sources */ = {isa = PBXBuildFile; fileRef = 17D579831536211A00C7DDDE /* RegistrationViewController.m */; };
		17D579961536234A00C7DDDE /* second.png in Resources */ = {isa = PBXBuildFile; fileRef = 17D579841536211A00C7DDDE /* second.png */; };
		17D579971536234A00C7DDDE /* second@2x.png in Resources */ = {isa = PBXBuildFile; fileRef = 17D579851536211A00C7DDDE /* second@2x.png */; };
		17D579981536234A00C7DDDE /* first.png in Resources */ = {isa = PBXBuildFile; fileRef = 17D579741536211A00C7DDDE /* first.png */; };
		17D579991536234A00C7DDDE /* first@2x.png in Resources */ = {isa = PBXBuildFile; fileRef = 17D579751536211A00C7DDDE /* first@2x.png */; };
		17D5799A1536234A00C7DDDE /* Icon-72.png in Resources */ = {isa = PBXBuildFile; fileRef = 17D579761536211A00C7DDDE /* Icon-72.png */; };
		17D5799B1536234A00C7DDDE /* Icon-72@2x.png in Resources */ = {isa = PBXBuildFile; fileRef = 17D579771536211A00C7DDDE /* Icon-72@2x.png */; };
		17D5799C1536234A00C7DDDE /* Icon-Small-50.png in Resources */ = {isa = PBXBuildFile; fileRef = 17D579781536211A00C7DDDE /* Icon-Small-50.png */; };
		17D5799D1536234A00C7DDDE /* Icon-Small.png in Resources */ = {isa = PBXBuildFile; fileRef = 17D579791536211A00C7DDDE /* Icon-Small.png */; };
		17D5799E1536234A00C7DDDE /* Icon-Small@2x.png in Resources */ = {isa = PBXBuildFile; fileRef = 17D5797A1536211A00C7DDDE /* Icon-Small@2x.png */; };
		17D5799F1536234A00C7DDDE /* Icon.png in Resources */ = {isa = PBXBuildFile; fileRef = 17D5797B1536211A00C7DDDE /* Icon.png */; };
		17D579A01536234A00C7DDDE /* Icon@2x.png in Resources */ = {isa = PBXBuildFile; fileRef = 17D5797C1536211A00C7DDDE /* Icon@2x.png */; };
		17D579A11536234A00C7DDDE /* iTunesArtwork in Resources */ = {isa = PBXBuildFile; fileRef = 17D5797D1536211A00C7DDDE /* iTunesArtwork */; };
		17D579A31536245400C7DDDE /* Parse.framework in Frameworks */ = {isa = PBXBuildFile; fileRef = 17D579A21536245400C7DDDE /* Parse.framework */; };
		17D579A51536247000C7DDDE /* AudioToolbox.framework in Frameworks */ = {isa = PBXBuildFile; fileRef = 17D579A41536247000C7DDDE /* AudioToolbox.framework */; };
		17D579A71536247600C7DDDE /* CFNetwork.framework in Frameworks */ = {isa = PBXBuildFile; fileRef = 17D579A61536247600C7DDDE /* CFNetwork.framework */; };
		17D579A91536247E00C7DDDE /* SystemConfiguration.framework in Frameworks */ = {isa = PBXBuildFile; fileRef = 17D579A81536247E00C7DDDE /* SystemConfiguration.framework */; };
		17D579AB1536248400C7DDDE /* MobileCoreServices.framework in Frameworks */ = {isa = PBXBuildFile; fileRef = 17D579AA1536248400C7DDDE /* MobileCoreServices.framework */; };
		17D579AD1536249000C7DDDE /* libz.1.1.3.dylib in Frameworks */ = {isa = PBXBuildFile; fileRef = 17D579AC1536249000C7DDDE /* libz.1.1.3.dylib */; };
		17D579AF1536249500C7DDDE /* Security.framework in Frameworks */ = {isa = PBXBuildFile; fileRef = 17D579AE1536249500C7DDDE /* Security.framework */; };
		17D579B11536249A00C7DDDE /* QuartzCore.framework in Frameworks */ = {isa = PBXBuildFile; fileRef = 17D579B01536249A00C7DDDE /* QuartzCore.framework */; };
/* End PBXBuildFile section */

/* Begin PBXFileReference section */
		17D57959153620E300C7DDDE /* ParsePosts.app */ = {isa = PBXFileReference; explicitFileType = wrapper.application; includeInIndex = 0; path = ParsePosts.app; sourceTree = BUILT_PRODUCTS_DIR; };
		17D5795D153620E300C7DDDE /* UIKit.framework */ = {isa = PBXFileReference; lastKnownFileType = wrapper.framework; name = UIKit.framework; path = System/Library/Frameworks/UIKit.framework; sourceTree = SDKROOT; };
		17D5795F153620E300C7DDDE /* Foundation.framework */ = {isa = PBXFileReference; lastKnownFileType = wrapper.framework; name = Foundation.framework; path = System/Library/Frameworks/Foundation.framework; sourceTree = SDKROOT; };
		17D57961153620E300C7DDDE /* CoreGraphics.framework */ = {isa = PBXFileReference; lastKnownFileType = wrapper.framework; name = CoreGraphics.framework; path = System/Library/Frameworks/CoreGraphics.framework; sourceTree = SDKROOT; };
		17D57965153620E300C7DDDE /* ParsePosts-Info.plist */ = {isa = PBXFileReference; lastKnownFileType = text.plist.xml; path = "ParsePosts-Info.plist"; sourceTree = "<group>"; };
		17D57967153620E300C7DDDE /* en */ = {isa = PBXFileReference; lastKnownFileType = text.plist.strings; name = en; path = en.lproj/InfoPlist.strings; sourceTree = "<group>"; };
		17D57969153620E300C7DDDE /* main.m */ = {isa = PBXFileReference; lastKnownFileType = sourcecode.c.objc; path = main.m; sourceTree = "<group>"; };
		17D5796B153620E300C7DDDE /* ParsePosts-Prefix.pch */ = {isa = PBXFileReference; lastKnownFileType = sourcecode.c.h; path = "ParsePosts-Prefix.pch"; sourceTree = "<group>"; };
		17D579741536211A00C7DDDE /* first.png */ = {isa = PBXFileReference; lastKnownFileType = image.png; path = first.png; sourceTree = "<group>"; };
		17D579751536211A00C7DDDE /* first@2x.png */ = {isa = PBXFileReference; lastKnownFileType = image.png; path = "first@2x.png"; sourceTree = "<group>"; };
		17D579761536211A00C7DDDE /* Icon-72.png */ = {isa = PBXFileReference; lastKnownFileType = image.png; path = "Icon-72.png"; sourceTree = "<group>"; };
		17D579771536211A00C7DDDE /* Icon-72@2x.png */ = {isa = PBXFileReference; lastKnownFileType = image.png; path = "Icon-72@2x.png"; sourceTree = "<group>"; };
		17D579781536211A00C7DDDE /* Icon-Small-50.png */ = {isa = PBXFileReference; lastKnownFileType = image.png; path = "Icon-Small-50.png"; sourceTree = "<group>"; };
		17D579791536211A00C7DDDE /* Icon-Small.png */ = {isa = PBXFileReference; lastKnownFileType = image.png; path = "Icon-Small.png"; sourceTree = "<group>"; };
		17D5797A1536211A00C7DDDE /* Icon-Small@2x.png */ = {isa = PBXFileReference; lastKnownFileType = image.png; path = "Icon-Small@2x.png"; sourceTree = "<group>"; };
		17D5797B1536211A00C7DDDE /* Icon.png */ = {isa = PBXFileReference; lastKnownFileType = image.png; path = Icon.png; sourceTree = "<group>"; };
		17D5797C1536211A00C7DDDE /* Icon@2x.png */ = {isa = PBXFileReference; lastKnownFileType = image.png; path = "Icon@2x.png"; sourceTree = "<group>"; };
		17D5797D1536211A00C7DDDE /* iTunesArtwork */ = {isa = PBXFileReference; lastKnownFileType = file; path = iTunesArtwork; sourceTree = "<group>"; };
		17D5797E1536211A00C7DDDE /* NewPostViewController.h */ = {isa = PBXFileReference; lastKnownFileType = sourcecode.c.h; path = NewPostViewController.h; sourceTree = "<group>"; };
		17D5797F1536211A00C7DDDE /* NewPostViewController.m */ = {isa = PBXFileReference; lastKnownFileType = sourcecode.c.objc; path = NewPostViewController.m; sourceTree = "<group>"; };
		17D579801536211A00C7DDDE /* RecentPostsTableViewController.h */ = {isa = PBXFileReference; lastKnownFileType = sourcecode.c.h; path = RecentPostsTableViewController.h; sourceTree = "<group>"; };
		17D579811536211A00C7DDDE /* RecentPostsTableViewController.m */ = {isa = PBXFileReference; lastKnownFileType = sourcecode.c.objc; path = RecentPostsTableViewController.m; sourceTree = "<group>"; };
		17D579821536211A00C7DDDE /* RegistrationViewController.h */ = {isa = PBXFileReference; lastKnownFileType = sourcecode.c.h; path = RegistrationViewController.h; sourceTree = "<group>"; };
		17D579831536211A00C7DDDE /* RegistrationViewController.m */ = {isa = PBXFileReference; lastKnownFileType = sourcecode.c.objc; path = RegistrationViewController.m; sourceTree = "<group>"; };
		17D579841536211A00C7DDDE /* second.png */ = {isa = PBXFileReference; lastKnownFileType = image.png; path = second.png; sourceTree = "<group>"; };
		17D579851536211A00C7DDDE /* second@2x.png */ = {isa = PBXFileReference; lastKnownFileType = image.png; path = "second@2x.png"; sourceTree = "<group>"; };
		17D579881536214900C7DDDE /* MainStoryboard_iPhone.storyboard */ = {isa = PBXFileReference; fileEncoding = 4; lastKnownFileType = file.storyboard; path = MainStoryboard_iPhone.storyboard; sourceTree = "<group>"; };
		17D5798C153621D000C7DDDE /* Default.png */ = {isa = PBXFileReference; lastKnownFileType = image.png; path = Default.png; sourceTree = "<group>"; };
		17D5798D153621D000C7DDDE /* Default@2x.png */ = {isa = PBXFileReference; lastKnownFileType = image.png; path = "Default@2x.png"; sourceTree = "<group>"; };
		17D57990153621F600C7DDDE /* AppDelegate.h */ = {isa = PBXFileReference; fileEncoding = 4; lastKnownFileType = sourcecode.c.h; path = AppDelegate.h; sourceTree = "<group>"; };
		17D57991153621F600C7DDDE /* AppDelegate.m */ = {isa = PBXFileReference; fileEncoding = 4; lastKnownFileType = sourcecode.c.objc; path = AppDelegate.m; sourceTree = "<group>"; };
		17D579A21536245400C7DDDE /* Parse.framework */ = {isa = PBXFileReference; lastKnownFileType = wrapper.framework; path = Parse.framework; sourceTree = "<group>"; };
		17D579A41536247000C7DDDE /* AudioToolbox.framework */ = {isa = PBXFileReference; lastKnownFileType = wrapper.framework; name = AudioToolbox.framework; path = System/Library/Frameworks/AudioToolbox.framework; sourceTree = SDKROOT; };
		17D579A61536247600C7DDDE /* CFNetwork.framework */ = {isa = PBXFileReference; lastKnownFileType = wrapper.framework; name = CFNetwork.framework; path = System/Library/Frameworks/CFNetwork.framework; sourceTree = SDKROOT; };
		17D579A81536247E00C7DDDE /* SystemConfiguration.framework */ = {isa = PBXFileReference; lastKnownFileType = wrapper.framework; name = SystemConfiguration.framework; path = System/Library/Frameworks/SystemConfiguration.framework; sourceTree = SDKROOT; };
		17D579AA1536248400C7DDDE /* MobileCoreServices.framework */ = {isa = PBXFileReference; lastKnownFileType = wrapper.framework; name = MobileCoreServices.framework; path = System/Library/Frameworks/MobileCoreServices.framework; sourceTree = SDKROOT; };
		17D579AC1536249000C7DDDE /* libz.1.1.3.dylib */ = {isa = PBXFileReference; lastKnownFileType = "compiled.mach-o.dylib"; name = libz.1.1.3.dylib; path = usr/lib/libz.1.1.3.dylib; sourceTree = SDKROOT; };
		17D579AE1536249500C7DDDE /* Security.framework */ = {isa = PBXFileReference; lastKnownFileType = wrapper.framework; name = Security.framework; path = System/Library/Frameworks/Security.framework; sourceTree = SDKROOT; };
		17D579B01536249A00C7DDDE /* QuartzCore.framework */ = {isa = PBXFileReference; lastKnownFileType = wrapper.framework; name = QuartzCore.framework; path = System/Library/Frameworks/QuartzCore.framework; sourceTree = SDKROOT; };
/* End PBXFileReference section */

/* Begin PBXFrameworksBuildPhase section */
		17D57956153620E300C7DDDE /* Frameworks */ = {
			isa = PBXFrameworksBuildPhase;
			buildActionMask = 2147483647;
			files = (
				17D579B11536249A00C7DDDE /* QuartzCore.framework in Frameworks */,
				17D579AF1536249500C7DDDE /* Security.framework in Frameworks */,
				17D579AD1536249000C7DDDE /* libz.1.1.3.dylib in Frameworks */,
				17D579AB1536248400C7DDDE /* MobileCoreServices.framework in Frameworks */,
				17D579A91536247E00C7DDDE /* SystemConfiguration.framework in Frameworks */,
				17D579A71536247600C7DDDE /* CFNetwork.framework in Frameworks */,
				17D579A51536247000C7DDDE /* AudioToolbox.framework in Frameworks */,
				17D5795E153620E300C7DDDE /* UIKit.framework in Frameworks */,
				17D57960153620E300C7DDDE /* Foundation.framework in Frameworks */,
				17D57962153620E300C7DDDE /* CoreGraphics.framework in Frameworks */,
				17D579A31536245400C7DDDE /* Parse.framework in Frameworks */,
			);
			runOnlyForDeploymentPostprocessing = 0;
		};
/* End PBXFrameworksBuildPhase section */

/* Begin PBXGroup section */
		17D5794E153620E300C7DDDE = {
			isa = PBXGroup;
			children = (
				17D579B01536249A00C7DDDE /* QuartzCore.framework */,
				17D579AE1536249500C7DDDE /* Security.framework */,
				17D579AC1536249000C7DDDE /* libz.1.1.3.dylib */,
				17D579AA1536248400C7DDDE /* MobileCoreServices.framework */,
				17D579A81536247E00C7DDDE /* SystemConfiguration.framework */,
				17D579A61536247600C7DDDE /* CFNetwork.framework */,
				17D579A41536247000C7DDDE /* AudioToolbox.framework */,
				17D57963153620E300C7DDDE /* ParsePosts */,
				17D5795C153620E300C7DDDE /* Frameworks */,
				17D5795A153620E300C7DDDE /* Products */,
			);
			sourceTree = "<group>";
		};
		17D5795A153620E300C7DDDE /* Products */ = {
			isa = PBXGroup;
			children = (
				17D57959153620E300C7DDDE /* ParsePosts.app */,
			);
			name = Products;
			sourceTree = "<group>";
		};
		17D5795C153620E300C7DDDE /* Frameworks */ = {
			isa = PBXGroup;
			children = (
				17D579A21536245400C7DDDE /* Parse.framework */,
				17D5795D153620E300C7DDDE /* UIKit.framework */,
				17D5795F153620E300C7DDDE /* Foundation.framework */,
				17D57961153620E300C7DDDE /* CoreGraphics.framework */,
			);
			name = Frameworks;
			sourceTree = "<group>";
		};
		17D57963153620E300C7DDDE /* ParsePosts */ = {
			isa = PBXGroup;
			children = (
				17D57990153621F600C7DDDE /* AppDelegate.h */,
				17D57991153621F600C7DDDE /* AppDelegate.m */,
				17D579881536214900C7DDDE /* MainStoryboard_iPhone.storyboard */,
				17D579871536212800C7DDDE /* Classes */,
				17D579861536211F00C7DDDE /* Images */,
				17D57964153620E300C7DDDE /* Supporting Files */,
			);
			path = ParsePosts;
			sourceTree = "<group>";
		};
		17D57964153620E300C7DDDE /* Supporting Files */ = {
			isa = PBXGroup;
			children = (
				17D57965153620E300C7DDDE /* ParsePosts-Info.plist */,
				17D57966153620E300C7DDDE /* InfoPlist.strings */,
				17D57969153620E300C7DDDE /* main.m */,
				17D5796B153620E300C7DDDE /* ParsePosts-Prefix.pch */,
			);
			name = "Supporting Files";
			sourceTree = "<group>";
		};
		17D579861536211F00C7DDDE /* Images */ = {
			isa = PBXGroup;
			children = (
				17D5798C153621D000C7DDDE /* Default.png */,
				17D5798D153621D000C7DDDE /* Default@2x.png */,
				17D579841536211A00C7DDDE /* second.png */,
				17D579851536211A00C7DDDE /* second@2x.png */,
				17D579741536211A00C7DDDE /* first.png */,
				17D579751536211A00C7DDDE /* first@2x.png */,
				17D579761536211A00C7DDDE /* Icon-72.png */,
				17D579771536211A00C7DDDE /* Icon-72@2x.png */,
				17D579781536211A00C7DDDE /* Icon-Small-50.png */,
				17D579791536211A00C7DDDE /* Icon-Small.png */,
				17D5797A1536211A00C7DDDE /* Icon-Small@2x.png */,
				17D5797B1536211A00C7DDDE /* Icon.png */,
				17D5797C1536211A00C7DDDE /* Icon@2x.png */,
				17D5797D1536211A00C7DDDE /* iTunesArtwork */,
			);
			name = Images;
			sourceTree = "<group>";
		};
		17D579871536212800C7DDDE /* Classes */ = {
			isa = PBXGroup;
			children = (
				17D5797E1536211A00C7DDDE /* NewPostViewController.h */,
				17D5797F1536211A00C7DDDE /* NewPostViewController.m */,
				17D579801536211A00C7DDDE /* RecentPostsTableViewController.h */,
				17D579811536211A00C7DDDE /* RecentPostsTableViewController.m */,
				17D579821536211A00C7DDDE /* RegistrationViewController.h */,
				17D579831536211A00C7DDDE /* RegistrationViewController.m */,
			);
			name = Classes;
			sourceTree = "<group>";
		};
/* End PBXGroup section */

/* Begin PBXNativeTarget section */
		17D57958153620E300C7DDDE /* ParsePosts */ = {
			isa = PBXNativeTarget;
			buildConfigurationList = 17D57971153620E300C7DDDE /* Build configuration list for PBXNativeTarget "ParsePosts" */;
			buildPhases = (
				17D57955153620E300C7DDDE /* Sources */,
				17D57956153620E300C7DDDE /* Frameworks */,
				17D57957153620E300C7DDDE /* Resources */,
			);
			buildRules = (
			);
			dependencies = (
			);
			name = ParsePosts;
			productName = ParsePosts;
			productReference = 17D57959153620E300C7DDDE /* ParsePosts.app */;
			productType = "com.apple.product-type.application";
		};
/* End PBXNativeTarget section */

/* Begin PBXProject section */
		17D57950153620E300C7DDDE /* Project object */ = {
			isa = PBXProject;
			attributes = {
				LastUpgradeCheck = 0430;
				ORGANIZATIONNAME = Forge42;
			};
			buildConfigurationList = 17D57953153620E300C7DDDE /* Build configuration list for PBXProject "ParsePosts" */;
			compatibilityVersion = "Xcode 3.2";
			developmentRegion = English;
			hasScannedForEncodings = 0;
			knownRegions = (
				en,
			);
			mainGroup = 17D5794E153620E300C7DDDE;
			productRefGroup = 17D5795A153620E300C7DDDE /* Products */;
			projectDirPath = "";
			projectRoot = "";
			targets = (
				17D57958153620E300C7DDDE /* ParsePosts */,
			);
		};
/* End PBXProject section */

/* Begin PBXResourcesBuildPhase section */
		17D57957153620E300C7DDDE /* Resources */ = {
			isa = PBXResourcesBuildPhase;
			buildActionMask = 2147483647;
			files = (
				17D579961536234A00C7DDDE /* second.png in Resources */,
				17D579971536234A00C7DDDE /* second@2x.png in Resources */,
				17D579981536234A00C7DDDE /* first.png in Resources */,
				17D579991536234A00C7DDDE /* first@2x.png in Resources */,
				17D5799A1536234A00C7DDDE /* Icon-72.png in Resources */,
				17D5799B1536234A00C7DDDE /* Icon-72@2x.png in Resources */,
				17D5799C1536234A00C7DDDE /* Icon-Small-50.png in Resources */,
				17D5799D1536234A00C7DDDE /* Icon-Small.png in Resources */,
				17D5799E1536234A00C7DDDE /* Icon-Small@2x.png in Resources */,
				17D5799F1536234A00C7DDDE /* Icon.png in Resources */,
				17D579A01536234A00C7DDDE /* Icon@2x.png in Resources */,
				17D579A11536234A00C7DDDE /* iTunesArtwork in Resources */,
				17D57968153620E300C7DDDE /* InfoPlist.strings in Resources */,
				17D579891536214900C7DDDE /* MainStoryboard_iPhone.storyboard in Resources */,
				17D5798E153621D000C7DDDE /* Default.png in Resources */,
				17D5798F153621D000C7DDDE /* Default@2x.png in Resources */,
			);
			runOnlyForDeploymentPostprocessing = 0;
		};
/* End PBXResourcesBuildPhase section */

/* Begin PBXSourcesBuildPhase section */
		17D57955153620E300C7DDDE /* Sources */ = {
			isa = PBXSourcesBuildPhase;
			buildActionMask = 2147483647;
			files = (
				17D579931536233F00C7DDDE /* NewPostViewController.m in Sources */,
				17D579941536233F00C7DDDE /* RecentPostsTableViewController.m in Sources */,
				17D579951536233F00C7DDDE /* RegistrationViewController.m in Sources */,
				17D5796A153620E300C7DDDE /* main.m in Sources */,
				17D57992153621F600C7DDDE /* AppDelegate.m in Sources */,
			);
			runOnlyForDeploymentPostprocessing = 0;
		};
/* End PBXSourcesBuildPhase section */

/* Begin PBXVariantGroup section */
		17D57966153620E300C7DDDE /* InfoPlist.strings */ = {
			isa = PBXVariantGroup;
			children = (
				17D57967153620E300C7DDDE /* en */,
			);
			name = InfoPlist.strings;
			sourceTree = "<group>";
		};
/* End PBXVariantGroup section */

/* Begin XCBuildConfiguration section */
		17D5796F153620E300C7DDDE /* Debug */ = {
			isa = XCBuildConfiguration;
			buildSettings = {
				ALWAYS_SEARCH_USER_PATHS = NO;
				ARCHS = "$(ARCHS_STANDARD_32_BIT)";
				"CODE_SIGN_IDENTITY[sdk=iphoneos*]" = "iPhone Developer";
				COPY_PHASE_STRIP = NO;
				GCC_C_LANGUAGE_STANDARD = gnu99;
				GCC_DYNAMIC_NO_PIC = NO;
				GCC_OPTIMIZATION_LEVEL = 0;
				GCC_PREPROCESSOR_DEFINITIONS = (
					"DEBUG=1",
					"$(inherited)",
				);
				GCC_SYMBOLS_PRIVATE_EXTERN = NO;
				GCC_VERSION = com.apple.compilers.llvm.clang.1_0;
				GCC_WARN_ABOUT_RETURN_TYPE = YES;
				GCC_WARN_UNINITIALIZED_AUTOS = YES;
				GCC_WARN_UNUSED_VARIABLE = YES;
				IPHONEOS_DEPLOYMENT_TARGET = 5.1;
				SDKROOT = iphoneos;
			};
			name = Debug;
		};
		17D57970153620E300C7DDDE /* Release */ = {
			isa = XCBuildConfiguration;
			buildSettings = {
				ALWAYS_SEARCH_USER_PATHS = NO;
				ARCHS = "$(ARCHS_STANDARD_32_BIT)";
				"CODE_SIGN_IDENTITY[sdk=iphoneos*]" = "iPhone Developer";
				COPY_PHASE_STRIP = YES;
				GCC_C_LANGUAGE_STANDARD = gnu99;
				GCC_VERSION = com.apple.compilers.llvm.clang.1_0;
				GCC_WARN_ABOUT_RETURN_TYPE = YES;
				GCC_WARN_UNINITIALIZED_AUTOS = YES;
				GCC_WARN_UNUSED_VARIABLE = YES;
				IPHONEOS_DEPLOYMENT_TARGET = 5.1;
				OTHER_CFLAGS = "-DNS_BLOCK_ASSERTIONS=1";
				SDKROOT = iphoneos;
				VALIDATE_PRODUCT = YES;
			};
			name = Release;
		};
		17D57972153620E300C7DDDE /* Debug */ = {
			isa = XCBuildConfiguration;
			buildSettings = {
				FRAMEWORK_SEARCH_PATHS = (
					"$(inherited)",
					"\"$(SRCROOT)\"",
				);
				GCC_PRECOMPILE_PREFIX_HEADER = YES;
				GCC_PREFIX_HEADER = "ParsePosts/ParsePosts-Prefix.pch";
				INFOPLIST_FILE = "ParsePosts/ParsePosts-Info.plist";
				PRODUCT_NAME = "$(TARGET_NAME)";
				WRAPPER_EXTENSION = app;
			};
			name = Debug;
		};
		17D57973153620E300C7DDDE /* Release */ = {
			isa = XCBuildConfiguration;
			buildSettings = {
				FRAMEWORK_SEARCH_PATHS = (
					"$(inherited)",
					"\"$(SRCROOT)\"",
				);
				GCC_PRECOMPILE_PREFIX_HEADER = YES;
				GCC_PREFIX_HEADER = "ParsePosts/ParsePosts-Prefix.pch";
				INFOPLIST_FILE = "ParsePosts/ParsePosts-Info.plist";
				PRODUCT_NAME = "$(TARGET_NAME)";
				WRAPPER_EXTENSION = app;
			};
			name = Release;
		};
/* End XCBuildConfiguration section */

/* Begin XCConfigurationList section */
		17D57953153620E300C7DDDE /* Build configuration list for PBXProject "ParsePosts" */ = {
			isa = XCConfigurationList;
			buildConfigurations = (
				17D5796F153620E300C7DDDE /* Debug */,
				17D57970153620E300C7DDDE /* Release */,
			);
			defaultConfigurationIsVisible = 0;
			defaultConfigurationName = Release;
		};
		17D57971153620E300C7DDDE /* Build configuration list for PBXNativeTarget "ParsePosts" */ = {
			isa = XCConfigurationList;
			buildConfigurations = (
				17D57972153620E300C7DDDE /* Debug */,
				17D57973153620E300C7DDDE /* Release */,
			);
			defaultConfigurationIsVisible = 0;
		};
/* End XCConfigurationList section */
	};
	rootObject = 17D57950153620E300C7DDDE /* Project object */;
}
